
Microsoft Visual Studio Solution File, Format Version 12.00
# Visual Studio 2012
Project("{FAE04EC0-301F-11D3-BF4B-00C04F79EFBC}") = "Zyan.Async", "Zyan.Async\Zyan.Async.csproj", "{998BF096-A9FA-4D36-8DA5-CA8ACA90C192}"
EndProject
Project("{FAE04EC0-301F-11D3-BF4B-00C04F79EFBC}") = "Zyan.Async.TestInterfaces", "Zyan.Async.TestInterfaces\Zyan.Async.TestInterfaces.csproj", "{58E4E81F-048F-4C0F-982A-324EA0A203EE}"
EndProject
Project("{FAE04EC0-301F-11D3-BF4B-00C04F79EFBC}") = "Zyan.Async.Tests", "Zyan.Async.Tests\Zyan.Async.Tests.csproj", "{A5DE123D-22CA-4522-A19A-80FDC31EC951}"
EndProject
Global
	GlobalSection(SolutionConfigurationPlatforms) = preSolution
		Debug|Any CPU = Debug|Any CPU
		Release|Any CPU = Release|Any CPU
	EndGlobalSection
	GlobalSection(ProjectConfigurationPlatforms) = postSolution
		{998BF096-A9FA-4D36-8DA5-CA8ACA90C192}.Debug|Any CPU.ActiveCfg = Debug|Any CPU
		{998BF096-A9FA-4D36-8DA5-CA8ACA90C192}.Debug|Any CPU.Build.0 = Debug|Any CPU
		{998BF096-A9FA-4D36-8DA5-CA8ACA90C192}.Release|Any CPU.ActiveCfg = Release|Any CPU
		{998BF096-A9FA-4D36-8DA5-CA8ACA90C192}.Release|Any CPU.Build.0 = Release|Any CPU
		{58E4E81F-048F-4C0F-982A-324EA0A203EE}.Debug|Any CPU.ActiveCfg = Debug|Any CPU
		{58E4E81F-048F-4C0F-982A-324EA0A203EE}.Debug|Any CPU.Build.0 = Debug|Any CPU
		{58E4E81F-048F-4C0F-982A-324EA0A203EE}.Release|Any CPU.ActiveCfg = Release|Any CPU
		{58E4E81F-048F-4C0F-982A-324EA0A203EE}.Release|Any CPU.Build.0 = Release|Any CPU
		{A5DE123D-22CA-4522-A19A-80FDC31EC951}.Debug|Any CPU.ActiveCfg = Debug|Any CPU
		{A5DE123D-22CA-4522-A19A-80FDC31EC951}.Debug|Any CPU.Build.0 = Debug|Any CPU
		{A5DE123D-22CA-4522-A19A-80FDC31EC951}.Release|Any CPU.ActiveCfg = Release|Any CPU
		{A5DE123D-22CA-4522-A19A-80FDC31EC951}.Release|Any CPU.Build.0 = Release|Any CPU
	EndGlobalSection
	GlobalSection(SolutionProperties) = preSolution
		HideSolutionNode = FALSE
	EndGlobalSection
EndGlobal
